
Microsoft Visual Studio Solution File, Format Version 12.00
# Visual Studio 15
VisualStudioVersion = 15.0.28307.852
MinimumVisualStudioVersion = 10.0.40219.1
Project("{FAE04EC0-301F-11D3-BF4B-00C04F79EFBC}") = "Laba1", "Laba1\Laba1.csproj", "{4B25CB1E-6110-4863-BEF2-9182EE32FD9F}"
EndProject
Project("{FAE04EC0-301F-11D3-BF4B-00C04F79EFBC}") = "lab1Task2", "lab1Task2\lab1Task2.csproj", "{3352499D-8A26-4AA9-A76F-4037B3B1D71A}"
EndProject
Project("{FAE04EC0-301F-11D3-BF4B-00C04F79EFBC}") = "L2T1", "L2T1\L2T1.csproj", "{70C56D8B-D15E-4E9C-93FE-F003284E2F05}"
EndProject
Project("{FAE04EC0-301F-11D3-BF4B-00C04F79EFBC}") = "L2T2", "L2T2\L2T2.csproj", "{D86B4C53-99A0-4288-94C3-C7347B6A1CCB}"
EndProject
Project("{FAE04EC0-301F-11D3-BF4B-00C04F79EFBC}") = "L3T1", "L3T1\L3T1.csproj", "{74F67F36-BD93-4523-ADC8-2A8FABB239F8}"
EndProject
Project("{FAE04EC0-301F-11D3-BF4B-00C04F79EFBC}") = "L3T2", "L3T2\L3T2.csproj", "{C32BF5DB-10D4-4C9B-8FB7-35056FCA9AD0}"
EndProject
Project("{FAE04EC0-301F-11D3-BF4B-00C04F79EFBC}") = "Sort", "Sort\Sort.csproj", "{5778DD50-6758-4ED6-9327-ABF44E93CEAD}"
EndProject
Project("{FAE04EC0-301F-11D3-BF4B-00C04F79EFBC}") = "L4T1", "L4T1\L4T1.csproj", "{B00EB066-9447-4358-9ED1-6C8BCAD072B3}"
EndProject
Project("{FAE04EC0-301F-11D3-BF4B-00C04F79EFBC}") = "L4T2", "L4T2\L4T2.csproj", "{EE743189-F7BA-4A61-A812-BFAD5DC59E83}"
EndProject
Project("{FAE04EC0-301F-11D3-BF4B-00C04F79EFBC}") = "L5T1", "L5T1\L5T1.csproj", "{3F0FD747-E9A2-42AB-80DE-2E0D93FB2DA2}"
EndProject
Project("{FAE04EC0-301F-11D3-BF4B-00C04F79EFBC}") = "L5T2", "L5T2\L5T2.csproj", "{902D717F-CF7E-4236-8A73-F59562676948}"
EndProject
Project("{FAE04EC0-301F-11D3-BF4B-00C04F79EFBC}") = "L6T1", "L6T1\L6T1.csproj", "{663B350D-CCC7-4AD1-AB3E-F4FEB796B47F}"
EndProject
Project("{FAE04EC0-301F-11D3-BF4B-00C04F79EFBC}") = "L6T2", "L6T2\L6T2.csproj", "{86D48FB3-46EC-494F-98D8-1FD984EF208D}"
EndProject
Project("{FAE04EC0-301F-11D3-BF4B-00C04F79EFBC}") = "L7T1", "L7T1\L7T1.csproj", "{8262F617-12C7-4087-BDF9-E6BF218F3C82}"
EndProject
Project("{FAE04EC0-301F-11D3-BF4B-00C04F79EFBC}") = "L7T2", "L7T2\L7T2.csproj", "{38F286EC-ED0C-44ED-A4E7-653E4EBFE2FE}"
EndProject
Global
	GlobalSection(SolutionConfigurationPlatforms) = preSolution
		Debug|Any CPU = Debug|Any CPU
		Release|Any CPU = Release|Any CPU
	EndGlobalSection
	GlobalSection(ProjectConfigurationPlatforms) = postSolution
		{4B25CB1E-6110-4863-BEF2-9182EE32FD9F}.Debug|Any CPU.ActiveCfg = Debug|Any CPU
		{4B25CB1E-6110-4863-BEF2-9182EE32FD9F}.Debug|Any CPU.Build.0 = Debug|Any CPU
		{4B25CB1E-6110-4863-BEF2-9182EE32FD9F}.Release|Any CPU.ActiveCfg = Release|Any CPU
		{4B25CB1E-6110-4863-BEF2-9182EE32FD9F}.Release|Any CPU.Build.0 = Release|Any CPU
		{3352499D-8A26-4AA9-A76F-4037B3B1D71A}.Debug|Any CPU.ActiveCfg = Debug|Any CPU
		{3352499D-8A26-4AA9-A76F-4037B3B1D71A}.Debug|Any CPU.Build.0 = Debug|Any CPU
		{3352499D-8A26-4AA9-A76F-4037B3B1D71A}.Release|Any CPU.ActiveCfg = Release|Any CPU
		{3352499D-8A26-4AA9-A76F-4037B3B1D71A}.Release|Any CPU.Build.0 = Release|Any CPU
		{70C56D8B-D15E-4E9C-93FE-F003284E2F05}.Debug|Any CPU.ActiveCfg = Debug|Any CPU
		{70C56D8B-D15E-4E9C-93FE-F003284E2F05}.Debug|Any CPU.Build.0 = Debug|Any CPU
		{70C56D8B-D15E-4E9C-93FE-F003284E2F05}.Release|Any CPU.ActiveCfg = Release|Any CPU
		{70C56D8B-D15E-4E9C-93FE-F003284E2F05}.Release|Any CPU.Build.0 = Release|Any CPU
		{D86B4C53-99A0-4288-94C3-C7347B6A1CCB}.Debug|Any CPU.ActiveCfg = Debug|Any CPU
		{D86B4C53-99A0-4288-94C3-C7347B6A1CCB}.Debug|Any CPU.Build.0 = Debug|Any CPU
		{D86B4C53-99A0-4288-94C3-C7347B6A1CCB}.Release|Any CPU.ActiveCfg = Release|Any CPU
		{D86B4C53-99A0-4288-94C3-C7347B6A1CCB}.Release|Any CPU.Build.0 = Release|Any CPU
		{74F67F36-BD93-4523-ADC8-2A8FABB239F8}.Debug|Any CPU.ActiveCfg = Debug|Any CPU
		{74F67F36-BD93-4523-ADC8-2A8FABB239F8}.Debug|Any CPU.Build.0 = Debug|Any CPU
		{74F67F36-BD93-4523-ADC8-2A8FABB239F8}.Release|Any CPU.ActiveCfg = Release|Any CPU
		{74F67F36-BD93-4523-ADC8-2A8FABB239F8}.Release|Any CPU.Build.0 = Release|Any CPU
		{C32BF5DB-10D4-4C9B-8FB7-35056FCA9AD0}.Debug|Any CPU.ActiveCfg = Debug|Any CPU
		{C32BF5DB-10D4-4C9B-8FB7-35056FCA9AD0}.Debug|Any CPU.Build.0 = Debug|Any CPU
		{C32BF5DB-10D4-4C9B-8FB7-35056FCA9AD0}.Release|Any CPU.ActiveCfg = Release|Any CPU
		{C32BF5DB-10D4-4C9B-8FB7-35056FCA9AD0}.Release|Any CPU.Build.0 = Release|Any CPU
		{5778DD50-6758-4ED6-9327-ABF44E93CEAD}.Debug|Any CPU.ActiveCfg = Debug|Any CPU
		{5778DD50-6758-4ED6-9327-ABF44E93CEAD}.Debug|Any CPU.Build.0 = Debug|Any CPU
		{5778DD50-6758-4ED6-9327-ABF44E93CEAD}.Release|Any CPU.ActiveCfg = Release|Any CPU
		{5778DD50-6758-4ED6-9327-ABF44E93CEAD}.Release|Any CPU.Build.0 = Release|Any CPU
		{B00EB066-9447-4358-9ED1-6C8BCAD072B3}.Debug|Any CPU.ActiveCfg = Debug|Any CPU
		{B00EB066-9447-4358-9ED1-6C8BCAD072B3}.Debug|Any CPU.Build.0 = Debug|Any CPU
		{B00EB066-9447-4358-9ED1-6C8BCAD072B3}.Release|Any CPU.ActiveCfg = Release|Any CPU
		{B00EB066-9447-4358-9ED1-6C8BCAD072B3}.Release|Any CPU.Build.0 = Release|Any CPU
		{EE743189-F7BA-4A61-A812-BFAD5DC59E83}.Debug|Any CPU.ActiveCfg = Debug|Any CPU
		{EE743189-F7BA-4A61-A812-BFAD5DC59E83}.Debug|Any CPU.Build.0 = Debug|Any CPU
		{EE743189-F7BA-4A61-A812-BFAD5DC59E83}.Release|Any CPU.ActiveCfg = Release|Any CPU
		{EE743189-F7BA-4A61-A812-BFAD5DC59E83}.Release|Any CPU.Build.0 = Release|Any CPU
		{3F0FD747-E9A2-42AB-80DE-2E0D93FB2DA2}.Debug|Any CPU.ActiveCfg = Debug|Any CPU
		{3F0FD747-E9A2-42AB-80DE-2E0D93FB2DA2}.Debug|Any CPU.Build.0 = Debug|Any CPU
		{3F0FD747-E9A2-42AB-80DE-2E0D93FB2DA2}.Release|Any CPU.ActiveCfg = Release|Any CPU
		{3F0FD747-E9A2-42AB-80DE-2E0D93FB2DA2}.Release|Any CPU.Build.0 = Release|Any CPU
		{902D717F-CF7E-4236-8A73-F59562676948}.Debug|Any CPU.ActiveCfg = Debug|Any CPU
		{902D717F-CF7E-4236-8A73-F59562676948}.Debug|Any CPU.Build.0 = Debug|Any CPU
		{902D717F-CF7E-4236-8A73-F59562676948}.Release|Any CPU.ActiveCfg = Release|Any CPU
		{902D717F-CF7E-4236-8A73-F59562676948}.Release|Any CPU.Build.0 = Release|Any CPU
		{663B350D-CCC7-4AD1-AB3E-F4FEB796B47F}.Debug|Any CPU.ActiveCfg = Debug|Any CPU
		{663B350D-CCC7-4AD1-AB3E-F4FEB796B47F}.Debug|Any CPU.Build.0 = Debug|Any CPU
		{663B350D-CCC7-4AD1-AB3E-F4FEB796B47F}.Release|Any CPU.ActiveCfg = Release|Any CPU
		{663B350D-CCC7-4AD1-AB3E-F4FEB796B47F}.Release|Any CPU.Build.0 = Release|Any CPU
		{86D48FB3-46EC-494F-98D8-1FD984EF208D}.Debug|Any CPU.ActiveCfg = Debug|Any CPU
		{86D48FB3-46EC-494F-98D8-1FD984EF208D}.Debug|Any CPU.Build.0 = Debug|Any CPU
		{86D48FB3-46EC-494F-98D8-1FD984EF208D}.Release|Any CPU.ActiveCfg = Release|Any CPU
		{86D48FB3-46EC-494F-98D8-1FD984EF208D}.Release|Any CPU.Build.0 = Release|Any CPU
		{8262F617-12C7-4087-BDF9-E6BF218F3C82}.Debug|Any CPU.ActiveCfg = Debug|Any CPU
		{8262F617-12C7-4087-BDF9-E6BF218F3C82}.Debug|Any CPU.Build.0 = Debug|Any CPU
		{8262F617-12C7-4087-BDF9-E6BF218F3C82}.Release|Any CPU.ActiveCfg = Release|Any CPU
		{8262F617-12C7-4087-BDF9-E6BF218F3C82}.Release|Any CPU.Build.0 = Release|Any CPU
		{38F286EC-ED0C-44ED-A4E7-653E4EBFE2FE}.Debug|Any CPU.ActiveCfg = Debug|Any CPU
		{38F286EC-ED0C-44ED-A4E7-653E4EBFE2FE}.Debug|Any CPU.Build.0 = Debug|Any CPU
		{38F286EC-ED0C-44ED-A4E7-653E4EBFE2FE}.Release|Any CPU.ActiveCfg = Release|Any CPU
		{38F286EC-ED0C-44ED-A4E7-653E4EBFE2FE}.Release|Any CPU.Build.0 = Release|Any CPU
	EndGlobalSection
	GlobalSection(SolutionProperties) = preSolution
		HideSolutionNode = FALSE
	EndGlobalSection
	GlobalSection(ExtensibilityGlobals) = postSolution
		SolutionGuid = {3EE3DBF6-35F0-422A-AC8A-6E1930B08907}
	EndGlobalSection
EndGlobal
